
Microsoft Visual Studio Solution File, Format Version 12.00
# Visual Studio 2012
Project("{FAE04EC0-301F-11D3-BF4B-00C04F79EFBC}") = "5. Сигналы с ограниченным спектром", "5. Сигналы с ограниченным спектром\5. Сигналы с ограниченным спектром.csproj", "{905B192D-DD00-4A68-A3DB-F4D56F3C84BE}"
EndProject
Global
	GlobalSection(SolutionConfigurationPlatforms) = preSolution
		Debug|Any CPU = Debug|Any CPU
		Release|Any CPU = Release|Any CPU
	EndGlobalSection
	GlobalSection(ProjectConfigurationPlatforms) = postSolution
		{905B192D-DD00-4A68-A3DB-F4D56F3C84BE}.Debug|Any CPU.ActiveCfg = Debug|Any CPU
		{905B192D-DD00-4A68-A3DB-F4D56F3C84BE}.Debug|Any CPU.Build.0 = Debug|Any CPU
		{905B192D-DD00-4A68-A3DB-F4D56F3C84BE}.Release|Any CPU.ActiveCfg = Release|Any CPU
		{905B192D-DD00-4A68-A3DB-F4D56F3C84BE}.Release|Any CPU.Build.0 = Release|Any CPU
	EndGlobalSection
	GlobalSection(SolutionProperties) = preSolution
		HideSolutionNode = FALSE
	EndGlobalSection
EndGlobal
