
Microsoft Visual Studio Solution File, Format Version 12.00
# Visual Studio 2012
Project("{FAE04EC0-301F-11D3-BF4B-00C04F79EFBC}") = "3. Спектральный анализ непериодических", "3. Спектральный анализ непериодических\3. Спектральный анализ непериодических.csproj", "{28D358A4-B519-41AB-A22E-19D32ED77682}"
EndProject
Global
	GlobalSection(SolutionConfigurationPlatforms) = preSolution
		Debug|Any CPU = Debug|Any CPU
		Release|Any CPU = Release|Any CPU
	EndGlobalSection
	GlobalSection(ProjectConfigurationPlatforms) = postSolution
		{28D358A4-B519-41AB-A22E-19D32ED77682}.Debug|Any CPU.ActiveCfg = Debug|Any CPU
		{28D358A4-B519-41AB-A22E-19D32ED77682}.Debug|Any CPU.Build.0 = Debug|Any CPU
		{28D358A4-B519-41AB-A22E-19D32ED77682}.Release|Any CPU.ActiveCfg = Release|Any CPU
		{28D358A4-B519-41AB-A22E-19D32ED77682}.Release|Any CPU.Build.0 = Release|Any CPU
	EndGlobalSection
	GlobalSection(SolutionProperties) = preSolution
		HideSolutionNode = FALSE
	EndGlobalSection
EndGlobal
